<?xml version="1.0" encoding="utf-8"?>
<Project ToolsVersion="4.0" xmlns="http://schemas.microsoft.com/developer/msbuild/2003">
  <ItemGroup>
    <Filter Include="Исходные файлы">
      <UniqueIdentifier>{4FC737F1-C7A5-4376-A066-2A32D752A2FF}</UniqueIdentifier>
      <Extensions>cpp;c;cc;cxx;def;odl;idl;hpj;bat;asm;asmx</Extensions>
    </Filter>
    <Filter Include="Файлы заголовков">
      <UniqueIdentifier>{93995380-89BD-4b04-88EB-625FBE52EBFB}</UniqueIdentifier>
      <Extensions>h;hh;hpp;hxx;hm;inl;inc;ipp;xsd</Extensions>
    </Filter>
    <Filter Include="Файлы ресурсов">
      <UniqueIdentifier>{67DA6AB6-F800-4c08-8B7A-83BB121AAD01}</UniqueIdentifier>
      <Extensions>rc;ico;cur;bmp;dlg;rc2;rct;bin;rgs;gif;jpg;jpeg;jpe;resx;tiff;tif;png;wav;mfcribbon-ms</Extensions>
    </Filter>
  </ItemGroup>
  <ItemGroup>
    <ClInclude Include="CBilliardBase.h">
      <Filter>Файлы заголовков</Filter>
    </ClInclude>
    <ClInclude Include="CBilliard.h">
      <Filter>Файлы заголовков</Filter>
    </ClInclude>
    <ClInclude Include="CBilliardWithCasino.h">
      <Filter>Файлы заголовков</Filter>
    </ClInclude>
    <ClInclude Include="CBilliardWithBar.h">
      <Filter>Файлы заголовков</Filter>
    </ClInclude>
    <ClInclude Include="CBilliardWithCinema.h">
      <Filter>Файлы заголовков</Filter>
    </ClInclude>
    <ClInclude Include="CBar.h">
      <Filter>Файлы заголовков</Filter>
    </ClInclude>
    <ClInclude Include="CBilliardTable.h">
      <Filter>Файлы заголовков</Filter>
    </ClInclude>
    <ClInclude Include="CCasino.h">
      <Filter>Файлы заголовков</Filter>
    </ClInclude>
    <ClInclude Include="CCinema.h">
      <Filter>Файлы заголовков</Filter>
    </ClInclude>
    <ClInclude Include="Admin.h">
      <Filter>Файлы заголовков</Filter>
    </ClInclude>
  </ItemGroup>
  <ItemGroup>
    <ClCompile Include="CbilliardBase.cpp">
      <Filter>Файлы ресурсов</Filter>
    </ClCompile>
    <ClCompile Include="CBilliard.cpp">
      <Filter>Файлы ресурсов</Filter>
    </ClCompile>
    <ClCompile Include="CBilliardWithBar.cpp">
      <Filter>Файлы ресурсов</Filter>
    </ClCompile>
    <ClCompile Include="CBilliardWithCasino.cpp">
      <Filter>Файлы ресурсов</Filter>
    </ClCompile>
    <ClCompile Include="CBilliardWithCinema.cpp">
      <Filter>Файлы ресурсов</Filter>
    </ClCompile>
    <ClCompile Include="MENU.cpp">
      <Filter>Файлы ресурсов</Filter>
    </ClCompile>
    <ClCompile Include="CBar.cpp">
      <Filter>Файлы ресурсов</Filter>
    </ClCompile>
    <ClCompile Include="CCasino.cpp">
      <Filter>Файлы ресурсов</Filter>
    </ClCompile>
    <ClCompile Include="CBilliardTable.cpp">
      <Filter>Файлы ресурсов</Filter>
    </ClCompile>
    <ClCompile Include="CCinema.cpp">
      <Filter>Файлы ресурсов</Filter>
    </ClCompile>
    <ClCompile Include="Admin.cpp">
      <Filter>Файлы ресурсов</Filter>
    </ClCompile>
  </ItemGroup>
</Project>